// !$*UTF8*$!
{
	archiveVersion = 1;
	classes = {
	};
	objectVersion = 51;
	objects = {

/* Begin PBXBuildFile section */
		C00D932424EF042D00B4C236 /* BudgetHeader.swift in Sources */ = {isa = PBXBuildFile; fileRef = C00D932324EF042D00B4C236 /* BudgetHeader.swift */; };
		C00DC92A250ABB9F008B12CD /* ExampleViewController.swift in Sources */ = {isa = PBXBuildFile; fileRef = C00DC929250ABB9F008B12CD /* ExampleViewController.swift */; };
		C00DC92C250ACBA5008B12CD /* SelectedMonth.swift in Sources */ = {isa = PBXBuildFile; fileRef = C00DC92B250ACBA5008B12CD /* SelectedMonth.swift */; };
		C00FF55D24CF25C300B896F8 /* BudgetCell.swift in Sources */ = {isa = PBXBuildFile; fileRef = C00FF55C24CF25C300B896F8 /* BudgetCell.swift */; };
		C01D65A2251BD7F80040E972 /* DayAxisValueFormatter.swift in Sources */ = {isa = PBXBuildFile; fileRef = C01D65A1251BD7F80040E972 /* DayAxisValueFormatter.swift */; };
		C024E7C924BAB10E008D9E02 /* Extensions.swift in Sources */ = {isa = PBXBuildFile; fileRef = C024E7C824BAB10E008D9E02 /* Extensions.swift */; };
		C024E7CB24BD1F5B008D9E02 /* Constants.swift in Sources */ = {isa = PBXBuildFile; fileRef = C024E7CA24BD1F5A008D9E02 /* Constants.swift */; };
		C03388B724BE689800C9D7E6 /* DetailVC.swift in Sources */ = {isa = PBXBuildFile; fileRef = C03388B624BE689800C9D7E6 /* DetailVC.swift */; };
		C03388BB24BE6D6D00C9D7E6 /* CategoryVC.swift in Sources */ = {isa = PBXBuildFile; fileRef = C03388BA24BE6D6D00C9D7E6 /* CategoryVC.swift */; };
		C037F70924C4A36600381D10 /* CategoryCell.swift in Sources */ = {isa = PBXBuildFile; fileRef = C037F70724C4A36600381D10 /* CategoryCell.swift */; };
		C047132124EF2D1D00A7F39F /* SideBarVC.swift in Sources */ = {isa = PBXBuildFile; fileRef = C047132024EF2D1D00A7F39F /* SideBarVC.swift */; };
		C047132324EF2DFC00A7F39F /* SideBarCell.swift in Sources */ = {isa = PBXBuildFile; fileRef = C047132224EF2DFC00A7F39F /* SideBarCell.swift */; };
		C04A7EEB24E1BD21005871CC /* CircularGraph.swift in Sources */ = {isa = PBXBuildFile; fileRef = C04A7EEA24E1BD21005871CC /* CircularGraph.swift */; };
		C04A7EED24E1EA88005871CC /* AddTransactionVC.swift in Sources */ = {isa = PBXBuildFile; fileRef = C04A7EEC24E1EA88005871CC /* AddTransactionVC.swift */; };
		C061FF8025000A7500920E60 /* TabBarController.swift in Sources */ = {isa = PBXBuildFile; fileRef = C061FF7F25000A7400920E60 /* TabBarController.swift */; };
		C061FF8225000F7400920E60 /* SettingsVC.swift in Sources */ = {isa = PBXBuildFile; fileRef = C061FF8125000F7400920E60 /* SettingsVC.swift */; };
		C065A0E7252292DC009F2306 /* PlanningVC.swift in Sources */ = {isa = PBXBuildFile; fileRef = C065A0E6252292DC009F2306 /* PlanningVC.swift */; };
		C065A0EA2522950A009F2306 /* PlanningCell.swift in Sources */ = {isa = PBXBuildFile; fileRef = C065A0E92522950A009F2306 /* PlanningCell.swift */; };
		C065A0ED252295C5009F2306 /* PlanningHeader.swift in Sources */ = {isa = PBXBuildFile; fileRef = C065A0EC252295C5009F2306 /* PlanningHeader.swift */; };
		C07C806824FC5D9000CD6651 /* TestViewController.swift in Sources */ = {isa = PBXBuildFile; fileRef = C07C806724FC5D9000CD6651 /* TestViewController.swift */; };
		C07C806A24FD85FC00CD6651 /* PlanVC.swift in Sources */ = {isa = PBXBuildFile; fileRef = C07C806924FD85FC00CD6651 /* PlanVC.swift */; };
		C07C806C24FD86C000CD6651 /* Budget2Cell.swift in Sources */ = {isa = PBXBuildFile; fileRef = C07C806B24FD86C000CD6651 /* Budget2Cell.swift */; };
		C08A028724A3C4980056F355 /* Transaction.swift in Sources */ = {isa = PBXBuildFile; fileRef = C08A028624A3C4980056F355 /* Transaction.swift */; };
		C092D3F424CB5C280006B050 /* TaskCell.swift in Sources */ = {isa = PBXBuildFile; fileRef = C092D3F324CB5C280006B050 /* TaskCell.swift */; };
		C092D3F624CB5D7A0006B050 /* TaskVC.swift in Sources */ = {isa = PBXBuildFile; fileRef = C092D3F524CB5D7A0006B050 /* TaskVC.swift */; };
		C097B53424F85D4000EEB0AF /* ChartsVC.swift in Sources */ = {isa = PBXBuildFile; fileRef = C097B53324F85D4000EEB0AF /* ChartsVC.swift */; };
		C097B53624F8742C00EEB0AF /* ColorPickerView.swift in Sources */ = {isa = PBXBuildFile; fileRef = C097B53524F8742C00EEB0AF /* ColorPickerView.swift */; };
		C0BA340C24ED872C00608B48 /* SummaryCell.swift in Sources */ = {isa = PBXBuildFile; fileRef = C0BA340B24ED872C00608B48 /* SummaryCell.swift */; };
		C0D56C9724D9EBCF00AD1D8E /* Category.swift in Sources */ = {isa = PBXBuildFile; fileRef = C0D56C9624D9EBCF00AD1D8E /* Category.swift */; };
		C0D8A8C62535289E0079180D /* Budget3Cell.swift in Sources */ = {isa = PBXBuildFile; fileRef = C0D8A8C52535289E0079180D /* Budget3Cell.swift */; };
		C0DB5FFB24A160D900008F89 /* AppDelegate.swift in Sources */ = {isa = PBXBuildFile; fileRef = C0DB5FFA24A160D900008F89 /* AppDelegate.swift */; };
		C0DB5FFD24A160D900008F89 /* SceneDelegate.swift in Sources */ = {isa = PBXBuildFile; fileRef = C0DB5FFC24A160D900008F89 /* SceneDelegate.swift */; };
		C0DB5FFF24A160D900008F89 /* SummaryVC.swift in Sources */ = {isa = PBXBuildFile; fileRef = C0DB5FFE24A160D900008F89 /* SummaryVC.swift */; };
		C0DB600224A160D900008F89 /* Main.storyboard in Resources */ = {isa = PBXBuildFile; fileRef = C0DB600024A160D900008F89 /* Main.storyboard */; };
		C0DB600424A160DB00008F89 /* Assets.xcassets in Resources */ = {isa = PBXBuildFile; fileRef = C0DB600324A160DB00008F89 /* Assets.xcassets */; };
		C0DB600724A160DB00008F89 /* LaunchScreen.storyboard in Resources */ = {isa = PBXBuildFile; fileRef = C0DB600524A160DB00008F89 /* LaunchScreen.storyboard */; };
		C0EA444924CF568A00D1A92E /* SubVC.swift in Sources */ = {isa = PBXBuildFile; fileRef = C0EA444824CF568A00D1A92E /* SubVC.swift */; };
		C0EA444B24CF571300D1A92E /* SubCell.swift in Sources */ = {isa = PBXBuildFile; fileRef = C0EA444A24CF571300D1A92E /* SubCell.swift */; };
		C0EE9D1A24FC3573006DEB21 /* SubHeaderView.swift in Sources */ = {isa = PBXBuildFile; fileRef = C0EE9D1924FC3573006DEB21 /* SubHeaderView.swift */; };
		C0F7CFA424E495A900D55D9D /* CalendarVC.swift in Sources */ = {isa = PBXBuildFile; fileRef = C0F7CFA324E495A900D55D9D /* CalendarVC.swift */; };
		DBE0DAB289C83C0E100B40C7 /* Pods_Balance.framework in Frameworks */ = {isa = PBXBuildFile; fileRef = 7EA6190D4B9574D98DA90A00 /* Pods_Balance.framework */; };
/* End PBXBuildFile section */

/* Begin PBXFileReference section */
		12B8086F49EABEA3EA0E5B35 /* Pods-Balance.debug.xcconfig */ = {isa = PBXFileReference; includeInIndex = 1; lastKnownFileType = text.xcconfig; name = "Pods-Balance.debug.xcconfig"; path = "Target Support Files/Pods-Balance/Pods-Balance.debug.xcconfig"; sourceTree = "<group>"; };
		797F909BF021DADBCC98A7A6 /* Pods-Balance.release.xcconfig */ = {isa = PBXFileReference; includeInIndex = 1; lastKnownFileType = text.xcconfig; name = "Pods-Balance.release.xcconfig"; path = "Target Support Files/Pods-Balance/Pods-Balance.release.xcconfig"; sourceTree = "<group>"; };
		7EA6190D4B9574D98DA90A00 /* Pods_Balance.framework */ = {isa = PBXFileReference; explicitFileType = wrapper.framework; includeInIndex = 0; path = Pods_Balance.framework; sourceTree = BUILT_PRODUCTS_DIR; };
		C00D932324EF042D00B4C236 /* BudgetHeader.swift */ = {isa = PBXFileReference; lastKnownFileType = sourcecode.swift; path = BudgetHeader.swift; sourceTree = "<group>"; };
		C00DC929250ABB9F008B12CD /* ExampleViewController.swift */ = {isa = PBXFileReference; lastKnownFileType = sourcecode.swift; path = ExampleViewController.swift; sourceTree = "<group>"; };
		C00DC92B250ACBA5008B12CD /* SelectedMonth.swift */ = {isa = PBXFileReference; lastKnownFileType = sourcecode.swift; path = SelectedMonth.swift; sourceTree = "<group>"; };
		C00FF55C24CF25C300B896F8 /* BudgetCell.swift */ = {isa = PBXFileReference; lastKnownFileType = sourcecode.swift; path = BudgetCell.swift; sourceTree = "<group>"; };
		C01D65A1251BD7F80040E972 /* DayAxisValueFormatter.swift */ = {isa = PBXFileReference; lastKnownFileType = sourcecode.swift; path = DayAxisValueFormatter.swift; sourceTree = "<group>"; };
		C024E7C824BAB10E008D9E02 /* Extensions.swift */ = {isa = PBXFileReference; lastKnownFileType = sourcecode.swift; path = Extensions.swift; sourceTree = "<group>"; };
		C024E7CA24BD1F5A008D9E02 /* Constants.swift */ = {isa = PBXFileReference; lastKnownFileType = sourcecode.swift; path = Constants.swift; sourceTree = "<group>"; };
		C03388B624BE689800C9D7E6 /* DetailVC.swift */ = {isa = PBXFileReference; lastKnownFileType = sourcecode.swift; path = DetailVC.swift; sourceTree = "<group>"; };
		C03388BA24BE6D6D00C9D7E6 /* CategoryVC.swift */ = {isa = PBXFileReference; lastKnownFileType = sourcecode.swift; path = CategoryVC.swift; sourceTree = "<group>"; };
		C037F70724C4A36600381D10 /* CategoryCell.swift */ = {isa = PBXFileReference; lastKnownFileType = sourcecode.swift; path = CategoryCell.swift; sourceTree = "<group>"; };
		C047132024EF2D1D00A7F39F /* SideBarVC.swift */ = {isa = PBXFileReference; lastKnownFileType = sourcecode.swift; path = SideBarVC.swift; sourceTree = "<group>"; };
		C047132224EF2DFC00A7F39F /* SideBarCell.swift */ = {isa = PBXFileReference; lastKnownFileType = sourcecode.swift; path = SideBarCell.swift; sourceTree = "<group>"; };
		C04A7EEA24E1BD21005871CC /* CircularGraph.swift */ = {isa = PBXFileReference; lastKnownFileType = sourcecode.swift; path = CircularGraph.swift; sourceTree = "<group>"; };
		C04A7EEC24E1EA88005871CC /* AddTransactionVC.swift */ = {isa = PBXFileReference; lastKnownFileType = sourcecode.swift; path = AddTransactionVC.swift; sourceTree = "<group>"; };
		C061FF7F25000A7400920E60 /* TabBarController.swift */ = {isa = PBXFileReference; lastKnownFileType = sourcecode.swift; path = TabBarController.swift; sourceTree = "<group>"; };
		C061FF8125000F7400920E60 /* SettingsVC.swift */ = {isa = PBXFileReference; lastKnownFileType = sourcecode.swift; path = SettingsVC.swift; sourceTree = "<group>"; };
		C065A0E6252292DC009F2306 /* PlanningVC.swift */ = {isa = PBXFileReference; lastKnownFileType = sourcecode.swift; path = PlanningVC.swift; sourceTree = "<group>"; };
		C065A0E92522950A009F2306 /* PlanningCell.swift */ = {isa = PBXFileReference; lastKnownFileType = sourcecode.swift; path = PlanningCell.swift; sourceTree = "<group>"; };
		C065A0EC252295C5009F2306 /* PlanningHeader.swift */ = {isa = PBXFileReference; lastKnownFileType = sourcecode.swift; path = PlanningHeader.swift; sourceTree = "<group>"; };
		C07C806724FC5D9000CD6651 /* TestViewController.swift */ = {isa = PBXFileReference; lastKnownFileType = sourcecode.swift; path = TestViewController.swift; sourceTree = "<group>"; };
		C07C806924FD85FC00CD6651 /* PlanVC.swift */ = {isa = PBXFileReference; lastKnownFileType = sourcecode.swift; path = PlanVC.swift; sourceTree = "<group>"; };
		C07C806B24FD86C000CD6651 /* Budget2Cell.swift */ = {isa = PBXFileReference; lastKnownFileType = sourcecode.swift; path = Budget2Cell.swift; sourceTree = "<group>"; };
		C08A028624A3C4980056F355 /* Transaction.swift */ = {isa = PBXFileReference; lastKnownFileType = sourcecode.swift; path = Transaction.swift; sourceTree = "<group>"; };
		C092D3F324CB5C280006B050 /* TaskCell.swift */ = {isa = PBXFileReference; lastKnownFileType = sourcecode.swift; path = TaskCell.swift; sourceTree = "<group>"; };
		C092D3F524CB5D7A0006B050 /* TaskVC.swift */ = {isa = PBXFileReference; lastKnownFileType = sourcecode.swift; path = TaskVC.swift; sourceTree = "<group>"; };
		C097B53324F85D4000EEB0AF /* ChartsVC.swift */ = {isa = PBXFileReference; lastKnownFileType = sourcecode.swift; path = ChartsVC.swift; sourceTree = "<group>"; };
		C097B53524F8742C00EEB0AF /* ColorPickerView.swift */ = {isa = PBXFileReference; lastKnownFileType = sourcecode.swift; path = ColorPickerView.swift; sourceTree = "<group>"; };
		C0BA340B24ED872C00608B48 /* SummaryCell.swift */ = {isa = PBXFileReference; lastKnownFileType = sourcecode.swift; path = SummaryCell.swift; sourceTree = "<group>"; };
		C0D56C9624D9EBCF00AD1D8E /* Category.swift */ = {isa = PBXFileReference; lastKnownFileType = sourcecode.swift; path = Category.swift; sourceTree = "<group>"; };
		C0D8A8C52535289E0079180D /* Budget3Cell.swift */ = {isa = PBXFileReference; lastKnownFileType = sourcecode.swift; path = Budget3Cell.swift; sourceTree = "<group>"; };
		C0DB5FF724A160D900008F89 /* Balance.app */ = {isa = PBXFileReference; explicitFileType = wrapper.application; includeInIndex = 0; path = Balance.app; sourceTree = BUILT_PRODUCTS_DIR; };
		C0DB5FFA24A160D900008F89 /* AppDelegate.swift */ = {isa = PBXFileReference; lastKnownFileType = sourcecode.swift; path = AppDelegate.swift; sourceTree = "<group>"; };
		C0DB5FFC24A160D900008F89 /* SceneDelegate.swift */ = {isa = PBXFileReference; lastKnownFileType = sourcecode.swift; path = SceneDelegate.swift; sourceTree = "<group>"; };
		C0DB5FFE24A160D900008F89 /* SummaryVC.swift */ = {isa = PBXFileReference; lastKnownFileType = sourcecode.swift; path = SummaryVC.swift; sourceTree = "<group>"; };
		C0DB600124A160D900008F89 /* Base */ = {isa = PBXFileReference; lastKnownFileType = file.storyboard; name = Base; path = Base.lproj/Main.storyboard; sourceTree = "<group>"; };
		C0DB600324A160DB00008F89 /* Assets.xcassets */ = {isa = PBXFileReference; lastKnownFileType = folder.assetcatalog; path = Assets.xcassets; sourceTree = "<group>"; };
		C0DB600624A160DB00008F89 /* Base */ = {isa = PBXFileReference; lastKnownFileType = file.storyboard; name = Base; path = Base.lproj/LaunchScreen.storyboard; sourceTree = "<group>"; };
		C0DB600824A160DB00008F89 /* Info.plist */ = {isa = PBXFileReference; lastKnownFileType = text.plist.xml; path = Info.plist; sourceTree = "<group>"; };
		C0EA444824CF568A00D1A92E /* SubVC.swift */ = {isa = PBXFileReference; lastKnownFileType = sourcecode.swift; path = SubVC.swift; sourceTree = "<group>"; };
		C0EA444A24CF571300D1A92E /* SubCell.swift */ = {isa = PBXFileReference; lastKnownFileType = sourcecode.swift; path = SubCell.swift; sourceTree = "<group>"; };
		C0EE9D1924FC3573006DEB21 /* SubHeaderView.swift */ = {isa = PBXFileReference; lastKnownFileType = sourcecode.swift; path = SubHeaderView.swift; sourceTree = "<group>"; };
		C0F7CFA324E495A900D55D9D /* CalendarVC.swift */ = {isa = PBXFileReference; lastKnownFileType = sourcecode.swift; path = CalendarVC.swift; sourceTree = "<group>"; };
/* End PBXFileReference section */

/* Begin PBXFrameworksBuildPhase section */
		C0DB5FF424A160D900008F89 /* Frameworks */ = {
			isa = PBXFrameworksBuildPhase;
			buildActionMask = 2147483647;
			files = (
				DBE0DAB289C83C0E100B40C7 /* Pods_Balance.framework in Frameworks */,
			);
			runOnlyForDeploymentPostprocessing = 0;
		};
/* End PBXFrameworksBuildPhase section */

/* Begin PBXGroup section */
		72033FE790B6EC26218D6504 /* Frameworks */ = {
			isa = PBXGroup;
			children = (
				7EA6190D4B9574D98DA90A00 /* Pods_Balance.framework */,
			);
			name = Frameworks;
			sourceTree = "<group>";
		};
		9ADA34B4E0CAFBCD34A3F757 /* Pods */ = {
			isa = PBXGroup;
			children = (
				12B8086F49EABEA3EA0E5B35 /* Pods-Balance.debug.xcconfig */,
				797F909BF021DADBCC98A7A6 /* Pods-Balance.release.xcconfig */,
			);
			path = Pods;
			sourceTree = "<group>";
		};
		C016C6F4252BF2D400CE50D9 /* Unused */ = {
			isa = PBXGroup;
			children = (
				C065A0E92522950A009F2306 /* PlanningCell.swift */,
				C065A0EC252295C5009F2306 /* PlanningHeader.swift */,
				C047132024EF2D1D00A7F39F /* SideBarVC.swift */,
				C097B53524F8742C00EEB0AF /* ColorPickerView.swift */,
				C07C806724FC5D9000CD6651 /* TestViewController.swift */,
				C00DC929250ABB9F008B12CD /* ExampleViewController.swift */,
				C065A0E6252292DC009F2306 /* PlanningVC.swift */,
			);
			path = Unused;
			sourceTree = "<group>";
		};
		C08A028A24A3DB4D0056F355 /* Controllers */ = {
			isa = PBXGroup;
			children = (
				C0DB5FFE24A160D900008F89 /* SummaryVC.swift */,
				C092D3F524CB5D7A0006B050 /* TaskVC.swift */,
				C097B53324F85D4000EEB0AF /* ChartsVC.swift */,
				C07C806924FD85FC00CD6651 /* PlanVC.swift */,
				C0EA444824CF568A00D1A92E /* SubVC.swift */,
				C04A7EEC24E1EA88005871CC /* AddTransactionVC.swift */,
				C03388BA24BE6D6D00C9D7E6 /* CategoryVC.swift */,
				C0F7CFA324E495A900D55D9D /* CalendarVC.swift */,
				C03388B624BE689800C9D7E6 /* DetailVC.swift */,
				C061FF7F25000A7400920E60 /* TabBarController.swift */,
				C061FF8125000F7400920E60 /* SettingsVC.swift */,
				C016C6F4252BF2D400CE50D9 /* Unused */,
			);
			path = Controllers;
			sourceTree = "<group>";
		};
		C08A028B24A3DB570056F355 /* Views */ = {
			isa = PBXGroup;
			children = (
				C0DB600024A160D900008F89 /* Main.storyboard */,
				C0BA340B24ED872C00608B48 /* SummaryCell.swift */,
				C092D3F324CB5C280006B050 /* TaskCell.swift */,
				C037F70724C4A36600381D10 /* CategoryCell.swift */,
				C00FF55C24CF25C300B896F8 /* BudgetCell.swift */,
				C0EA444A24CF571300D1A92E /* SubCell.swift */,
				C00D932324EF042D00B4C236 /* BudgetHeader.swift */,
				C047132224EF2DFC00A7F39F /* SideBarCell.swift */,
				C0EE9D1924FC3573006DEB21 /* SubHeaderView.swift */,
				C07C806B24FD86C000CD6651 /* Budget2Cell.swift */,
				C0D8A8C52535289E0079180D /* Budget3Cell.swift */,
			);
			path = Views;
			sourceTree = "<group>";
		};
		C08A028C24A3DB5F0056F355 /* Models */ = {
			isa = PBXGroup;
			children = (
				C08A028624A3C4980056F355 /* Transaction.swift */,
				C0D56C9624D9EBCF00AD1D8E /* Category.swift */,
				C00DC92B250ACBA5008B12CD /* SelectedMonth.swift */,
				C024E7C824BAB10E008D9E02 /* Extensions.swift */,
				C024E7CA24BD1F5A008D9E02 /* Constants.swift */,
				C04A7EEA24E1BD21005871CC /* CircularGraph.swift */,
				C01D65A1251BD7F80040E972 /* DayAxisValueFormatter.swift */,
			);
			path = Models;
			sourceTree = "<group>";
		};
		C0DB5FEE24A160D900008F89 = {
			isa = PBXGroup;
			children = (
				C0DB5FF924A160D900008F89 /* Balance */,
				C0DB5FF824A160D900008F89 /* Products */,
				9ADA34B4E0CAFBCD34A3F757 /* Pods */,
				72033FE790B6EC26218D6504 /* Frameworks */,
			);
			sourceTree = "<group>";
		};
		C0DB5FF824A160D900008F89 /* Products */ = {
			isa = PBXGroup;
			children = (
				C0DB5FF724A160D900008F89 /* Balance.app */,
			);
			name = Products;
			sourceTree = "<group>";
		};
		C0DB5FF924A160D900008F89 /* Balance */ = {
			isa = PBXGroup;
			children = (
				C0DB5FFA24A160D900008F89 /* AppDelegate.swift */,
				C0DB5FFC24A160D900008F89 /* SceneDelegate.swift */,
				C08A028C24A3DB5F0056F355 /* Models */,
				C08A028B24A3DB570056F355 /* Views */,
				C08A028A24A3DB4D0056F355 /* Controllers */,
				C0DB600324A160DB00008F89 /* Assets.xcassets */,
				C0DB600524A160DB00008F89 /* LaunchScreen.storyboard */,
				C0DB600824A160DB00008F89 /* Info.plist */,
			);
			path = Balance;
			sourceTree = "<group>";
		};
/* End PBXGroup section */

/* Begin PBXNativeTarget section */
		C0DB5FF624A160D900008F89 /* Balance */ = {
			isa = PBXNativeTarget;
			buildConfigurationList = C0DB600B24A160DB00008F89 /* Build configuration list for PBXNativeTarget "Balance" */;
			buildPhases = (
				56F97F5389D94403D21E2DF5 /* [CP] Check Pods Manifest.lock */,
				C0DB5FF324A160D900008F89 /* Sources */,
				C0DB5FF424A160D900008F89 /* Frameworks */,
				C0DB5FF524A160D900008F89 /* Resources */,
				0E30033582CC86FD0AE73580 /* [CP] Embed Pods Frameworks */,
			);
			buildRules = (
			);
			dependencies = (
			);
			name = Balance;
			productName = Balance;
			productReference = C0DB5FF724A160D900008F89 /* Balance.app */;
			productType = "com.apple.product-type.application";
		};
/* End PBXNativeTarget section */

/* Begin PBXProject section */
		C0DB5FEF24A160D900008F89 /* Project object */ = {
			isa = PBXProject;
			attributes = {
				LastSwiftUpdateCheck = 1150;
				LastUpgradeCheck = 1150;
				ORGANIZATIONNAME = Bo;
				TargetAttributes = {
					C0DB5FF624A160D900008F89 = {
						CreatedOnToolsVersion = 11.5;
					};
				};
			};
			buildConfigurationList = C0DB5FF224A160D900008F89 /* Build configuration list for PBXProject "Balance" */;
			compatibilityVersion = "Xcode 9.3";
			developmentRegion = en;
			hasScannedForEncodings = 0;
			knownRegions = (
				en,
				Base,
			);
			mainGroup = C0DB5FEE24A160D900008F89;
			productRefGroup = C0DB5FF824A160D900008F89 /* Products */;
			projectDirPath = "";
			projectRoot = "";
			targets = (
				C0DB5FF624A160D900008F89 /* Balance */,
			);
		};
/* End PBXProject section */

/* Begin PBXResourcesBuildPhase section */
		C0DB5FF524A160D900008F89 /* Resources */ = {
			isa = PBXResourcesBuildPhase;
			buildActionMask = 2147483647;
			files = (
				C0DB600724A160DB00008F89 /* LaunchScreen.storyboard in Resources */,
				C0DB600424A160DB00008F89 /* Assets.xcassets in Resources */,
				C0DB600224A160D900008F89 /* Main.storyboard in Resources */,
			);
			runOnlyForDeploymentPostprocessing = 0;
		};
/* End PBXResourcesBuildPhase section */

/* Begin PBXShellScriptBuildPhase section */
		0E30033582CC86FD0AE73580 /* [CP] Embed Pods Frameworks */ = {
			isa = PBXShellScriptBuildPhase;
			buildActionMask = 2147483647;
			files = (
			);
			inputFileListPaths = (
				"${PODS_ROOT}/Target Support Files/Pods-Balance/Pods-Balance-frameworks-${CONFIGURATION}-input-files.xcfilelist",
			);
			name = "[CP] Embed Pods Frameworks";
			outputFileListPaths = (
				"${PODS_ROOT}/Target Support Files/Pods-Balance/Pods-Balance-frameworks-${CONFIGURATION}-output-files.xcfilelist",
			);
			runOnlyForDeploymentPostprocessing = 0;
			shellPath = /bin/sh;
			shellScript = "\"${PODS_ROOT}/Target Support Files/Pods-Balance/Pods-Balance-frameworks.sh\"\n";
			showEnvVarsInLog = 0;
		};
		56F97F5389D94403D21E2DF5 /* [CP] Check Pods Manifest.lock */ = {
			isa = PBXShellScriptBuildPhase;
			buildActionMask = 2147483647;
			files = (
			);
			inputFileListPaths = (
			);
			inputPaths = (
				"${PODS_PODFILE_DIR_PATH}/Podfile.lock",
				"${PODS_ROOT}/Manifest.lock",
			);
			name = "[CP] Check Pods Manifest.lock";
			outputFileListPaths = (
			);
			outputPaths = (
				"$(DERIVED_FILE_DIR)/Pods-Balance-checkManifestLockResult.txt",
			);
			runOnlyForDeploymentPostprocessing = 0;
			shellPath = /bin/sh;
			shellScript = "diff \"${PODS_PODFILE_DIR_PATH}/Podfile.lock\" \"${PODS_ROOT}/Manifest.lock\" > /dev/null\nif [ $? != 0 ] ; then\n    # print error to STDERR\n    echo \"error: The sandbox is not in sync with the Podfile.lock. Run 'pod install' or update your CocoaPods installation.\" >&2\n    exit 1\nfi\n# This output is used by Xcode 'outputs' to avoid re-running this script phase.\necho \"SUCCESS\" > \"${SCRIPT_OUTPUT_FILE_0}\"\n";
			showEnvVarsInLog = 0;
		};
/* End PBXShellScriptBuildPhase section */

/* Begin PBXSourcesBuildPhase section */
		C0DB5FF324A160D900008F89 /* Sources */ = {
			isa = PBXSourcesBuildPhase;
			buildActionMask = 2147483647;
			files = (
				C0D8A8C62535289E0079180D /* Budget3Cell.swift in Sources */,
				C0DB5FFF24A160D900008F89 /* SummaryVC.swift in Sources */,
				C0D56C9724D9EBCF00AD1D8E /* Category.swift in Sources */,
				C04A7EED24E1EA88005871CC /* AddTransactionVC.swift in Sources */,
				C08A028724A3C4980056F355 /* Transaction.swift in Sources */,
				C04A7EEB24E1BD21005871CC /* CircularGraph.swift in Sources */,
				C024E7CB24BD1F5B008D9E02 /* Constants.swift in Sources */,
				C0F7CFA424E495A900D55D9D /* CalendarVC.swift in Sources */,
				C03388BB24BE6D6D00C9D7E6 /* CategoryVC.swift in Sources */,
				C0BA340C24ED872C00608B48 /* SummaryCell.swift in Sources */,
				C07C806824FC5D9000CD6651 /* TestViewController.swift in Sources */,
				C00DC92A250ABB9F008B12CD /* ExampleViewController.swift in Sources */,
				C047132124EF2D1D00A7F39F /* SideBarVC.swift in Sources */,
				C0EA444B24CF571300D1A92E /* SubCell.swift in Sources */,
				C07C806A24FD85FC00CD6651 /* PlanVC.swift in Sources */,
				C024E7C924BAB10E008D9E02 /* Extensions.swift in Sources */,
				C0DB5FFB24A160D900008F89 /* AppDelegate.swift in Sources */,
				C037F70924C4A36600381D10 /* CategoryCell.swift in Sources */,
				C01D65A2251BD7F80040E972 /* DayAxisValueFormatter.swift in Sources */,
				C00D932424EF042D00B4C236 /* BudgetHeader.swift in Sources */,
				C065A0EA2522950A009F2306 /* PlanningCell.swift in Sources */,
				C0DB5FFD24A160D900008F89 /* SceneDelegate.swift in Sources */,
				C097B53624F8742C00EEB0AF /* ColorPickerView.swift in Sources */,
				C061FF8225000F7400920E60 /* SettingsVC.swift in Sources */,
				C047132324EF2DFC00A7F39F /* SideBarCell.swift in Sources */,
				C092D3F624CB5D7A0006B050 /* TaskVC.swift in Sources */,
				C097B53424F85D4000EEB0AF /* ChartsVC.swift in Sources */,
				C065A0E7252292DC009F2306 /* PlanningVC.swift in Sources */,
				C061FF8025000A7500920E60 /* TabBarController.swift in Sources */,
				C00FF55D24CF25C300B896F8 /* BudgetCell.swift in Sources */,
				C07C806C24FD86C000CD6651 /* Budget2Cell.swift in Sources */,
				C0EA444924CF568A00D1A92E /* SubVC.swift in Sources */,
				C092D3F424CB5C280006B050 /* TaskCell.swift in Sources */,
				C065A0ED252295C5009F2306 /* PlanningHeader.swift in Sources */,
				C00DC92C250ACBA5008B12CD /* SelectedMonth.swift in Sources */,
				C03388B724BE689800C9D7E6 /* DetailVC.swift in Sources */,
				C0EE9D1A24FC3573006DEB21 /* SubHeaderView.swift in Sources */,
			);
			runOnlyForDeploymentPostprocessing = 0;
		};
/* End PBXSourcesBuildPhase section */

/* Begin PBXVariantGroup section */
		C0DB600024A160D900008F89 /* Main.storyboard */ = {
			isa = PBXVariantGroup;
			children = (
				C0DB600124A160D900008F89 /* Base */,
			);
			name = Main.storyboard;
			sourceTree = "<group>";
		};
		C0DB600524A160DB00008F89 /* LaunchScreen.storyboard */ = {
			isa = PBXVariantGroup;
			children = (
				C0DB600624A160DB00008F89 /* Base */,
			);
			name = LaunchScreen.storyboard;
			sourceTree = "<group>";
		};
/* End PBXVariantGroup section */

/* Begin XCBuildConfiguration section */
		C0DB600924A160DB00008F89 /* Debug */ = {
			isa = XCBuildConfiguration;
			buildSettings = {
				ALWAYS_SEARCH_USER_PATHS = NO;
				CLANG_ANALYZER_NONNULL = YES;
				CLANG_ANALYZER_NUMBER_OBJECT_CONVERSION = YES_AGGRESSIVE;
				CLANG_CXX_LANGUAGE_STANDARD = "gnu++14";
				CLANG_CXX_LIBRARY = "libc++";
				CLANG_ENABLE_MODULES = YES;
				CLANG_ENABLE_OBJC_ARC = YES;
				CLANG_ENABLE_OBJC_WEAK = YES;
				CLANG_WARN_BLOCK_CAPTURE_AUTORELEASING = YES;
				CLANG_WARN_BOOL_CONVERSION = YES;
				CLANG_WARN_COMMA = YES;
				CLANG_WARN_CONSTANT_CONVERSION = YES;
				CLANG_WARN_DEPRECATED_OBJC_IMPLEMENTATIONS = YES;
				CLANG_WARN_DIRECT_OBJC_ISA_USAGE = YES_ERROR;
				CLANG_WARN_DOCUMENTATION_COMMENTS = YES;
				CLANG_WARN_EMPTY_BODY = YES;
				CLANG_WARN_ENUM_CONVERSION = YES;
				CLANG_WARN_INFINITE_RECURSION = YES;
				CLANG_WARN_INT_CONVERSION = YES;
				CLANG_WARN_NON_LITERAL_NULL_CONVERSION = YES;
				CLANG_WARN_OBJC_IMPLICIT_RETAIN_SELF = YES;
				CLANG_WARN_OBJC_LITERAL_CONVERSION = YES;
				CLANG_WARN_OBJC_ROOT_CLASS = YES_ERROR;
				CLANG_WARN_RANGE_LOOP_ANALYSIS = YES;
				CLANG_WARN_STRICT_PROTOTYPES = YES;
				CLANG_WARN_SUSPICIOUS_MOVE = YES;
				CLANG_WARN_UNGUARDED_AVAILABILITY = YES_AGGRESSIVE;
				CLANG_WARN_UNREACHABLE_CODE = YES;
				CLANG_WARN__DUPLICATE_METHOD_MATCH = YES;
				COPY_PHASE_STRIP = NO;
				DEBUG_INFORMATION_FORMAT = dwarf;
				ENABLE_STRICT_OBJC_MSGSEND = YES;
				ENABLE_TESTABILITY = YES;
				GCC_C_LANGUAGE_STANDARD = gnu11;
				GCC_DYNAMIC_NO_PIC = NO;
				GCC_NO_COMMON_BLOCKS = YES;
				GCC_OPTIMIZATION_LEVEL = 0;
				GCC_PREPROCESSOR_DEFINITIONS = (
					"DEBUG=1",
					"$(inherited)",
				);
				GCC_WARN_64_TO_32_BIT_CONVERSION = YES;
				GCC_WARN_ABOUT_RETURN_TYPE = YES_ERROR;
				GCC_WARN_UNDECLARED_SELECTOR = YES;
				GCC_WARN_UNINITIALIZED_AUTOS = YES_AGGRESSIVE;
				GCC_WARN_UNUSED_FUNCTION = YES;
				GCC_WARN_UNUSED_VARIABLE = YES;
				IPHONEOS_DEPLOYMENT_TARGET = 13.5;
				MTL_ENABLE_DEBUG_INFO = INCLUDE_SOURCE;
				MTL_FAST_MATH = YES;
				ONLY_ACTIVE_ARCH = YES;
				SDKROOT = iphoneos;
				SWIFT_ACTIVE_COMPILATION_CONDITIONS = DEBUG;
				SWIFT_ENABLE_BATCH_MODE = NO;
				SWIFT_OPTIMIZATION_LEVEL = "-Onone";
			};
			name = Debug;
		};
		C0DB600A24A160DB00008F89 /* Release */ = {
			isa = XCBuildConfiguration;
			buildSettings = {
				ALWAYS_SEARCH_USER_PATHS = NO;
				CLANG_ANALYZER_NONNULL = YES;
				CLANG_ANALYZER_NUMBER_OBJECT_CONVERSION = YES_AGGRESSIVE;
				CLANG_CXX_LANGUAGE_STANDARD = "gnu++14";
				CLANG_CXX_LIBRARY = "libc++";
				CLANG_ENABLE_MODULES = YES;
				CLANG_ENABLE_OBJC_ARC = YES;
				CLANG_ENABLE_OBJC_WEAK = YES;
				CLANG_WARN_BLOCK_CAPTURE_AUTORELEASING = YES;
				CLANG_WARN_BOOL_CONVERSION = YES;
				CLANG_WARN_COMMA = YES;
				CLANG_WARN_CONSTANT_CONVERSION = YES;
				CLANG_WARN_DEPRECATED_OBJC_IMPLEMENTATIONS = YES;
				CLANG_WARN_DIRECT_OBJC_ISA_USAGE = YES_ERROR;
				CLANG_WARN_DOCUMENTATION_COMMENTS = YES;
				CLANG_WARN_EMPTY_BODY = YES;
				CLANG_WARN_ENUM_CONVERSION = YES;
				CLANG_WARN_INFINITE_RECURSION = YES;
				CLANG_WARN_INT_CONVERSION = YES;
				CLANG_WARN_NON_LITERAL_NULL_CONVERSION = YES;
				CLANG_WARN_OBJC_IMPLICIT_RETAIN_SELF = YES;
				CLANG_WARN_OBJC_LITERAL_CONVERSION = YES;
				CLANG_WARN_OBJC_ROOT_CLASS = YES_ERROR;
				CLANG_WARN_RANGE_LOOP_ANALYSIS = YES;
				CLANG_WARN_STRICT_PROTOTYPES = YES;
				CLANG_WARN_SUSPICIOUS_MOVE = YES;
				CLANG_WARN_UNGUARDED_AVAILABILITY = YES_AGGRESSIVE;
				CLANG_WARN_UNREACHABLE_CODE = YES;
				CLANG_WARN__DUPLICATE_METHOD_MATCH = YES;
				COPY_PHASE_STRIP = NO;
				DEBUG_INFORMATION_FORMAT = "dwarf-with-dsym";
				ENABLE_NS_ASSERTIONS = NO;
				ENABLE_STRICT_OBJC_MSGSEND = YES;
				GCC_C_LANGUAGE_STANDARD = gnu11;
				GCC_NO_COMMON_BLOCKS = YES;
				GCC_WARN_64_TO_32_BIT_CONVERSION = YES;
				GCC_WARN_ABOUT_RETURN_TYPE = YES_ERROR;
				GCC_WARN_UNDECLARED_SELECTOR = YES;
				GCC_WARN_UNINITIALIZED_AUTOS = YES_AGGRESSIVE;
				GCC_WARN_UNUSED_FUNCTION = YES;
				GCC_WARN_UNUSED_VARIABLE = YES;
				IPHONEOS_DEPLOYMENT_TARGET = 13.5;
				MTL_ENABLE_DEBUG_INFO = NO;
				MTL_FAST_MATH = YES;
				SDKROOT = iphoneos;
				SWIFT_COMPILATION_MODE = wholemodule;
				SWIFT_ENABLE_BATCH_MODE = NO;
				SWIFT_OPTIMIZATION_LEVEL = "-O";
				VALIDATE_PRODUCT = YES;
			};
			name = Release;
		};
		C0DB600C24A160DB00008F89 /* Debug */ = {
			isa = XCBuildConfiguration;
			baseConfigurationReference = 12B8086F49EABEA3EA0E5B35 /* Pods-Balance.debug.xcconfig */;
			buildSettings = {
				ASSETCATALOG_COMPILER_APPICON_NAME = AppIcon;
				CODE_SIGN_IDENTITY = "Apple Development";
				CODE_SIGN_STYLE = Automatic;
				DEVELOPMENT_TEAM = Z4DLPBM8Q9;
				INFOPLIST_FILE = Balance/Info.plist;
				LD_RUNPATH_SEARCH_PATHS = (
					"$(inherited)",
					"@executable_path/Frameworks",
				);
				PRODUCT_BUNDLE_IDENTIFIER = com.briscoleg.Balance;
				PRODUCT_NAME = "$(TARGET_NAME)";
				PROVISIONING_PROFILE_SPECIFIER = "";
				SWIFT_VERSION = 5.0;
				TARGETED_DEVICE_FAMILY = "1,2";
			};
			name = Debug;
		};
		C0DB600D24A160DB00008F89 /* Release */ = {
			isa = XCBuildConfiguration;
			baseConfigurationReference = 797F909BF021DADBCC98A7A6 /* Pods-Balance.release.xcconfig */;
			buildSettings = {
				ASSETCATALOG_COMPILER_APPICON_NAME = AppIcon;
				CODE_SIGN_IDENTITY = "Apple Development";
				CODE_SIGN_STYLE = Automatic;
				DEVELOPMENT_TEAM = Z4DLPBM8Q9;
				INFOPLIST_FILE = Balance/Info.plist;
				LD_RUNPATH_SEARCH_PATHS = (
					"$(inherited)",
					"@executable_path/Frameworks",
				);
				PRODUCT_BUNDLE_IDENTIFIER = com.briscoleg.Balance;
				PRODUCT_NAME = "$(TARGET_NAME)";
				PROVISIONING_PROFILE_SPECIFIER = "";
				SWIFT_VERSION = 5.0;
				TARGETED_DEVICE_FAMILY = "1,2";
			};
			name = Release;
		};
/* End XCBuildConfiguration section */

/* Begin XCConfigurationList section */
		C0DB5FF224A160D900008F89 /* Build configuration list for PBXProject "Balance" */ = {
			isa = XCConfigurationList;
			buildConfigurations = (
				C0DB600924A160DB00008F89 /* Debug */,
				C0DB600A24A160DB00008F89 /* Release */,
			);
			defaultConfigurationIsVisible = 0;
			defaultConfigurationName = Release;
		};
		C0DB600B24A160DB00008F89 /* Build configuration list for PBXNativeTarget "Balance" */ = {
			isa = XCConfigurationList;
			buildConfigurations = (
				C0DB600C24A160DB00008F89 /* Debug */,
				C0DB600D24A160DB00008F89 /* Release */,
			);
			defaultConfigurationIsVisible = 0;
			defaultConfigurationName = Release;
		};
/* End XCConfigurationList section */
	};
	rootObject = C0DB5FEF24A160D900008F89 /* Project object */;
}
